
Microsoft Visual Studio Solution File, Format Version 12.00
# Visual Studio Version 16
VisualStudioVersion = 16.0.29905.134
MinimumVisualStudioVersion = 10.0.40219.1
Project("{FAE04EC0-301F-11D3-BF4B-00C04F79EFBC}") = "StudyAmazonS3", "StudyAmazonS3\StudyAmazonS3.csproj", "{B603E93C-3F98-4FD1-93E0-EE30771A7AA8}"
EndProject
Global
	GlobalSection(SolutionConfigurationPlatforms) = preSolution
		Debug|Any CPU = Debug|Any CPU
		Release|Any CPU = Release|Any CPU
	EndGlobalSection
	GlobalSection(ProjectConfigurationPlatforms) = postSolution
		{B603E93C-3F98-4FD1-93E0-EE30771A7AA8}.Debug|Any CPU.ActiveCfg = Debug|Any CPU
		{B603E93C-3F98-4FD1-93E0-EE30771A7AA8}.Debug|Any CPU.Build.0 = Debug|Any CPU
		{B603E93C-3F98-4FD1-93E0-EE30771A7AA8}.Release|Any CPU.ActiveCfg = Release|Any CPU
		{B603E93C-3F98-4FD1-93E0-EE30771A7AA8}.Release|Any CPU.Build.0 = Release|Any CPU
	EndGlobalSection
	GlobalSection(SolutionProperties) = preSolution
		HideSolutionNode = FALSE
	EndGlobalSection
	GlobalSection(ExtensibilityGlobals) = postSolution
		SolutionGuid = {7923ED36-AB67-42D3-8E9A-9B11F4E17113}
	EndGlobalSection
EndGlobal
